
Microsoft Visual Studio Solution File, Format Version 12.00
# Visual Studio Version 16
VisualStudioVersion = 16.0.35026.282
MinimumVisualStudioVersion = 10.0.40219.1
Project("{8BC9CEB8-8B4A-11D0-8D11-00A0C91BC942}") = "Bai5", "Bai5\Bai5.vcxproj", "{85FD5CAD-5C63-4661-869A-E662A4C53CB6}"
EndProject
Project("{8BC9CEB8-8B4A-11D0-8D11-00A0C91BC942}") = "Bai6", "Bai6\Bai6.vcxproj", "{E87F8DB2-633D-4877-AA68-EE9D626A1686}"
EndProject
Global
	GlobalSection(SolutionConfigurationPlatforms) = preSolution
		Debug|x64 = Debug|x64
		Debug|x86 = Debug|x86
		Release|x64 = Release|x64
		Release|x86 = Release|x86
	EndGlobalSection
	GlobalSection(ProjectConfigurationPlatforms) = postSolution
		{85FD5CAD-5C63-4661-869A-E662A4C53CB6}.Debug|x64.ActiveCfg = Debug|x64
		{85FD5CAD-5C63-4661-869A-E662A4C53CB6}.Debug|x64.Build.0 = Debug|x64
		{85FD5CAD-5C63-4661-869A-E662A4C53CB6}.Debug|x86.ActiveCfg = Debug|Win32
		{85FD5CAD-5C63-4661-869A-E662A4C53CB6}.Debug|x86.Build.0 = Debug|Win32
		{85FD5CAD-5C63-4661-869A-E662A4C53CB6}.Release|x64.ActiveCfg = Release|x64
		{85FD5CAD-5C63-4661-869A-E662A4C53CB6}.Release|x64.Build.0 = Release|x64
		{85FD5CAD-5C63-4661-869A-E662A4C53CB6}.Release|x86.ActiveCfg = Release|Win32
		{85FD5CAD-5C63-4661-869A-E662A4C53CB6}.Release|x86.Build.0 = Release|Win32
		{E87F8DB2-633D-4877-AA68-EE9D626A1686}.Debug|x64.ActiveCfg = Debug|x64
		{E87F8DB2-633D-4877-AA68-EE9D626A1686}.Debug|x64.Build.0 = Debug|x64
		{E87F8DB2-633D-4877-AA68-EE9D626A1686}.Debug|x86.ActiveCfg = Debug|Win32
		{E87F8DB2-633D-4877-AA68-EE9D626A1686}.Debug|x86.Build.0 = Debug|Win32
		{E87F8DB2-633D-4877-AA68-EE9D626A1686}.Release|x64.ActiveCfg = Release|x64
		{E87F8DB2-633D-4877-AA68-EE9D626A1686}.Release|x64.Build.0 = Release|x64
		{E87F8DB2-633D-4877-AA68-EE9D626A1686}.Release|x86.ActiveCfg = Release|Win32
		{E87F8DB2-633D-4877-AA68-EE9D626A1686}.Release|x86.Build.0 = Release|Win32
	EndGlobalSection
	GlobalSection(SolutionProperties) = preSolution
		HideSolutionNode = FALSE
	EndGlobalSection
	GlobalSection(ExtensibilityGlobals) = postSolution
		SolutionGuid = {C466F92E-45AA-4CD2-B5F3-7CB75E77E0D5}
	EndGlobalSection
EndGlobal
